
Microsoft Visual Studio Solution File, Format Version 12.00
# Visual Studio 15
VisualStudioVersion = 15.0.27428.2002
MinimumVisualStudioVersion = 10.0.40219.1
Project("{FAE04EC0-301F-11D3-BF4B-00C04F79EFBC}") = "WebDriver.SpecFlow", "WebDriver.SpecFlow\WebDriver.SpecFlow.csproj", "{C6B7C648-A94A-4EAB-B006-CFE3D879ADF2}"
EndProject
Project("{FAE04EC0-301F-11D3-BF4B-00C04F79EFBC}") = "WebDriver.PageObjects", "WebDriver.PageObjects\WebDriver.PageObjects.csproj", "{04B3F5FD-15ED-45D2-9ECD-D53AD4B6692B}"
EndProject
Global
	GlobalSection(SolutionConfigurationPlatforms) = preSolution
		Debug|Any CPU = Debug|Any CPU
		Release|Any CPU = Release|Any CPU
	EndGlobalSection
	GlobalSection(ProjectConfigurationPlatforms) = postSolution
		{C6B7C648-A94A-4EAB-B006-CFE3D879ADF2}.Debug|Any CPU.ActiveCfg = Debug|Any CPU
		{C6B7C648-A94A-4EAB-B006-CFE3D879ADF2}.Debug|Any CPU.Build.0 = Debug|Any CPU
		{C6B7C648-A94A-4EAB-B006-CFE3D879ADF2}.Release|Any CPU.ActiveCfg = Release|Any CPU
		{C6B7C648-A94A-4EAB-B006-CFE3D879ADF2}.Release|Any CPU.Build.0 = Release|Any CPU
		{04B3F5FD-15ED-45D2-9ECD-D53AD4B6692B}.Debug|Any CPU.ActiveCfg = Debug|Any CPU
		{04B3F5FD-15ED-45D2-9ECD-D53AD4B6692B}.Debug|Any CPU.Build.0 = Debug|Any CPU
		{04B3F5FD-15ED-45D2-9ECD-D53AD4B6692B}.Release|Any CPU.ActiveCfg = Release|Any CPU
		{04B3F5FD-15ED-45D2-9ECD-D53AD4B6692B}.Release|Any CPU.Build.0 = Release|Any CPU
	EndGlobalSection
	GlobalSection(SolutionProperties) = preSolution
		HideSolutionNode = FALSE
	EndGlobalSection
	GlobalSection(ExtensibilityGlobals) = postSolution
		SolutionGuid = {D3F12013-2394-4CE3-8F8E-3AA9FCBF976E}
	EndGlobalSection
EndGlobal
